// !$*UTF8*$!
{
	archiveVersion = 1;
	classes = {
	};
	objectVersion = 56;
	objects = {

/* Begin PBXBuildFile section */
		68F01575297045C5003BB048 /* AuthenticationViewController.swift in Sources */ = {isa = PBXBuildFile; fileRef = 68F01574297045C5003BB048 /* AuthenticationViewController.swift */; };
		8C30D8B79FC345A04F0C9D3C /* Pods_haruSpeak_iOS_haruSpeak_iOSUITests.framework in Frameworks */ = {isa = PBXBuildFile; fileRef = 5CED103FD6A92F4325BBDEE6 /* Pods_haruSpeak_iOS_haruSpeak_iOSUITests.framework */; };
		A1ECF52D7F2B9619C0BD5DCA /* Pods_haruSpeak_iOS.framework in Frameworks */ = {isa = PBXBuildFile; fileRef = DFC49101112B419E65F52532 /* Pods_haruSpeak_iOS.framework */; };
		E255F8C5D56021B7F5E5848B /* Pods_haruSpeak_iOSTests.framework in Frameworks */ = {isa = PBXBuildFile; fileRef = 69211967B5E3367D949CA34A /* Pods_haruSpeak_iOSTests.framework */; };
		E51CE8BD296F77B500ADB07B /* CustomTabbar.swift in Sources */ = {isa = PBXBuildFile; fileRef = E51CE8BC296F77B500ADB07B /* CustomTabbar.swift */; };
		E51CE8BF296FBED100ADB07B /* RecordCell.swift in Sources */ = {isa = PBXBuildFile; fileRef = E51CE8BE296FBED100ADB07B /* RecordCell.swift */; };
		E5862C5D296ED0C900095439 /* AppDelegate.swift in Sources */ = {isa = PBXBuildFile; fileRef = E5862C5C296ED0C900095439 /* AppDelegate.swift */; };
		E5862C5F296ED0C900095439 /* SceneDelegate.swift in Sources */ = {isa = PBXBuildFile; fileRef = E5862C5E296ED0C900095439 /* SceneDelegate.swift */; };
		E5862C61296ED0C900095439 /* ViewController.swift in Sources */ = {isa = PBXBuildFile; fileRef = E5862C60296ED0C900095439 /* ViewController.swift */; };
		E5862C64296ED0C900095439 /* Main.storyboard in Resources */ = {isa = PBXBuildFile; fileRef = E5862C62296ED0C900095439 /* Main.storyboard */; };
		E5862C67296ED0C900095439 /* haruSpeak_iOS.xcdatamodeld in Sources */ = {isa = PBXBuildFile; fileRef = E5862C65296ED0C900095439 /* haruSpeak_iOS.xcdatamodeld */; };
		E5862C69296ED0CA00095439 /* Assets.xcassets in Resources */ = {isa = PBXBuildFile; fileRef = E5862C68296ED0CA00095439 /* Assets.xcassets */; };
		E5862C6C296ED0CA00095439 /* LaunchScreen.storyboard in Resources */ = {isa = PBXBuildFile; fileRef = E5862C6A296ED0CA00095439 /* LaunchScreen.storyboard */; };
		E5862C77296ED0CB00095439 /* haruSpeak_iOSTests.swift in Sources */ = {isa = PBXBuildFile; fileRef = E5862C76296ED0CB00095439 /* haruSpeak_iOSTests.swift */; };
		E5862C81296ED0CB00095439 /* haruSpeak_iOSUITests.swift in Sources */ = {isa = PBXBuildFile; fileRef = E5862C80296ED0CB00095439 /* haruSpeak_iOSUITests.swift */; };
		E5862C83296ED0CB00095439 /* haruSpeak_iOSUITestsLaunchTests.swift in Sources */ = {isa = PBXBuildFile; fileRef = E5862C82296ED0CB00095439 /* haruSpeak_iOSUITestsLaunchTests.swift */; };
		E5E984B6296ED95300E5DE83 /* UIColor+.swift in Sources */ = {isa = PBXBuildFile; fileRef = E5E984B5296ED95300E5DE83 /* UIColor+.swift */; };
		E5E984B8296ED95D00E5DE83 /* UIFont+.swift in Sources */ = {isa = PBXBuildFile; fileRef = E5E984B7296ED95D00E5DE83 /* UIFont+.swift */; };
		E5E984BB296ED9A900E5DE83 /* TempService.swift in Sources */ = {isa = PBXBuildFile; fileRef = E5E984BA296ED9A900E5DE83 /* TempService.swift */; };
		E5E984BD296ED9B500E5DE83 /* TempModel.swift in Sources */ = {isa = PBXBuildFile; fileRef = E5E984BC296ED9B500E5DE83 /* TempModel.swift */; };
		E5E984DA296EE2A300E5DE83 /* HomeViewController.swift in Sources */ = {isa = PBXBuildFile; fileRef = E5E984D9296EE2A300E5DE83 /* HomeViewController.swift */; };
		E5E984DC296EE2AF00E5DE83 /* StudyViewController.swift in Sources */ = {isa = PBXBuildFile; fileRef = E5E984DB296EE2AF00E5DE83 /* StudyViewController.swift */; };
		E5E984DE296EE2BA00E5DE83 /* MyPageViewController.swift in Sources */ = {isa = PBXBuildFile; fileRef = E5E984DD296EE2BA00E5DE83 /* MyPageViewController.swift */; };
/* End PBXBuildFile section */

/* Begin PBXContainerItemProxy section */
		E5862C73296ED0CB00095439 /* PBXContainerItemProxy */ = {
			isa = PBXContainerItemProxy;
			containerPortal = E5862C51296ED0C900095439 /* Project object */;
			proxyType = 1;
			remoteGlobalIDString = E5862C58296ED0C900095439;
			remoteInfo = haruSpeak_iOS;
		};
		E5862C7D296ED0CB00095439 /* PBXContainerItemProxy */ = {
			isa = PBXContainerItemProxy;
			containerPortal = E5862C51296ED0C900095439 /* Project object */;
			proxyType = 1;
			remoteGlobalIDString = E5862C58296ED0C900095439;
			remoteInfo = haruSpeak_iOS;
		};
/* End PBXContainerItemProxy section */

/* Begin PBXFileReference section */
		172D10AB066C1878AD0F24D3 /* Pods-haruSpeak_iOS-haruSpeak_iOSUITests.release.xcconfig */ = {isa = PBXFileReference; includeInIndex = 1; lastKnownFileType = text.xcconfig; name = "Pods-haruSpeak_iOS-haruSpeak_iOSUITests.release.xcconfig"; path = "Target Support Files/Pods-haruSpeak_iOS-haruSpeak_iOSUITests/Pods-haruSpeak_iOS-haruSpeak_iOSUITests.release.xcconfig"; sourceTree = "<group>"; };
		20CF64B5BEE330CC56697D1A /* Pods-haruSpeak_iOS.debug.xcconfig */ = {isa = PBXFileReference; includeInIndex = 1; lastKnownFileType = text.xcconfig; name = "Pods-haruSpeak_iOS.debug.xcconfig"; path = "Target Support Files/Pods-haruSpeak_iOS/Pods-haruSpeak_iOS.debug.xcconfig"; sourceTree = "<group>"; };
		5CED103FD6A92F4325BBDEE6 /* Pods_haruSpeak_iOS_haruSpeak_iOSUITests.framework */ = {isa = PBXFileReference; explicitFileType = wrapper.framework; includeInIndex = 0; path = Pods_haruSpeak_iOS_haruSpeak_iOSUITests.framework; sourceTree = BUILT_PRODUCTS_DIR; };
		68F01574297045C5003BB048 /* AuthenticationViewController.swift */ = {isa = PBXFileReference; lastKnownFileType = sourcecode.swift; path = AuthenticationViewController.swift; sourceTree = "<group>"; };
		69211967B5E3367D949CA34A /* Pods_haruSpeak_iOSTests.framework */ = {isa = PBXFileReference; explicitFileType = wrapper.framework; includeInIndex = 0; path = Pods_haruSpeak_iOSTests.framework; sourceTree = BUILT_PRODUCTS_DIR; };
		77AA8A0B5111D220ACA4BB9D /* Pods-haruSpeak_iOSTests.release.xcconfig */ = {isa = PBXFileReference; includeInIndex = 1; lastKnownFileType = text.xcconfig; name = "Pods-haruSpeak_iOSTests.release.xcconfig"; path = "Target Support Files/Pods-haruSpeak_iOSTests/Pods-haruSpeak_iOSTests.release.xcconfig"; sourceTree = "<group>"; };
		8A6B465F8597583EE4AAAE4B /* Pods-haruSpeak_iOS.release.xcconfig */ = {isa = PBXFileReference; includeInIndex = 1; lastKnownFileType = text.xcconfig; name = "Pods-haruSpeak_iOS.release.xcconfig"; path = "Target Support Files/Pods-haruSpeak_iOS/Pods-haruSpeak_iOS.release.xcconfig"; sourceTree = "<group>"; };
		8AFD346FB091CD305B383290 /* Pods-haruSpeak_iOS-haruSpeak_iOSUITests.debug.xcconfig */ = {isa = PBXFileReference; includeInIndex = 1; lastKnownFileType = text.xcconfig; name = "Pods-haruSpeak_iOS-haruSpeak_iOSUITests.debug.xcconfig"; path = "Target Support Files/Pods-haruSpeak_iOS-haruSpeak_iOSUITests/Pods-haruSpeak_iOS-haruSpeak_iOSUITests.debug.xcconfig"; sourceTree = "<group>"; };
		BACA4D97B5C12EA35396E86F /* Pods-haruSpeak_iOSTests.debug.xcconfig */ = {isa = PBXFileReference; includeInIndex = 1; lastKnownFileType = text.xcconfig; name = "Pods-haruSpeak_iOSTests.debug.xcconfig"; path = "Target Support Files/Pods-haruSpeak_iOSTests/Pods-haruSpeak_iOSTests.debug.xcconfig"; sourceTree = "<group>"; };
		DFC49101112B419E65F52532 /* Pods_haruSpeak_iOS.framework */ = {isa = PBXFileReference; explicitFileType = wrapper.framework; includeInIndex = 0; path = Pods_haruSpeak_iOS.framework; sourceTree = BUILT_PRODUCTS_DIR; };
		E51CE8BC296F77B500ADB07B /* CustomTabbar.swift */ = {isa = PBXFileReference; lastKnownFileType = sourcecode.swift; path = CustomTabbar.swift; sourceTree = "<group>"; };
		E51CE8BE296FBED100ADB07B /* RecordCell.swift */ = {isa = PBXFileReference; lastKnownFileType = sourcecode.swift; path = RecordCell.swift; sourceTree = "<group>"; };
		E5862C59296ED0C900095439 /* haruSpeak_iOS.app */ = {isa = PBXFileReference; explicitFileType = wrapper.application; includeInIndex = 0; path = haruSpeak_iOS.app; sourceTree = BUILT_PRODUCTS_DIR; };
		E5862C5C296ED0C900095439 /* AppDelegate.swift */ = {isa = PBXFileReference; lastKnownFileType = sourcecode.swift; path = AppDelegate.swift; sourceTree = "<group>"; };
		E5862C5E296ED0C900095439 /* SceneDelegate.swift */ = {isa = PBXFileReference; lastKnownFileType = sourcecode.swift; path = SceneDelegate.swift; sourceTree = "<group>"; };
		E5862C60296ED0C900095439 /* ViewController.swift */ = {isa = PBXFileReference; lastKnownFileType = sourcecode.swift; path = ViewController.swift; sourceTree = "<group>"; };
		E5862C63296ED0C900095439 /* Base */ = {isa = PBXFileReference; lastKnownFileType = file.storyboard; name = Base; path = Base.lproj/Main.storyboard; sourceTree = "<group>"; };
		E5862C66296ED0C900095439 /* haruSpeak_iOS.xcdatamodel */ = {isa = PBXFileReference; lastKnownFileType = wrapper.xcdatamodel; path = haruSpeak_iOS.xcdatamodel; sourceTree = "<group>"; };
		E5862C68296ED0CA00095439 /* Assets.xcassets */ = {isa = PBXFileReference; lastKnownFileType = folder.assetcatalog; path = Assets.xcassets; sourceTree = "<group>"; };
		E5862C6B296ED0CA00095439 /* Base */ = {isa = PBXFileReference; lastKnownFileType = file.storyboard; name = Base; path = Base.lproj/LaunchScreen.storyboard; sourceTree = "<group>"; };
		E5862C6D296ED0CA00095439 /* Info.plist */ = {isa = PBXFileReference; lastKnownFileType = text.plist.xml; path = Info.plist; sourceTree = "<group>"; };
		E5862C72296ED0CB00095439 /* haruSpeak_iOSTests.xctest */ = {isa = PBXFileReference; explicitFileType = wrapper.cfbundle; includeInIndex = 0; path = haruSpeak_iOSTests.xctest; sourceTree = BUILT_PRODUCTS_DIR; };
		E5862C76296ED0CB00095439 /* haruSpeak_iOSTests.swift */ = {isa = PBXFileReference; lastKnownFileType = sourcecode.swift; path = haruSpeak_iOSTests.swift; sourceTree = "<group>"; };
		E5862C7C296ED0CB00095439 /* haruSpeak_iOSUITests.xctest */ = {isa = PBXFileReference; explicitFileType = wrapper.cfbundle; includeInIndex = 0; path = haruSpeak_iOSUITests.xctest; sourceTree = BUILT_PRODUCTS_DIR; };
		E5862C80296ED0CB00095439 /* haruSpeak_iOSUITests.swift */ = {isa = PBXFileReference; lastKnownFileType = sourcecode.swift; path = haruSpeak_iOSUITests.swift; sourceTree = "<group>"; };
		E5862C82296ED0CB00095439 /* haruSpeak_iOSUITestsLaunchTests.swift */ = {isa = PBXFileReference; lastKnownFileType = sourcecode.swift; path = haruSpeak_iOSUITestsLaunchTests.swift; sourceTree = "<group>"; };
		E5E984B5296ED95300E5DE83 /* UIColor+.swift */ = {isa = PBXFileReference; lastKnownFileType = sourcecode.swift; path = "UIColor+.swift"; sourceTree = "<group>"; };
		E5E984B7296ED95D00E5DE83 /* UIFont+.swift */ = {isa = PBXFileReference; lastKnownFileType = sourcecode.swift; path = "UIFont+.swift"; sourceTree = "<group>"; };
		E5E984BA296ED9A900E5DE83 /* TempService.swift */ = {isa = PBXFileReference; lastKnownFileType = sourcecode.swift; path = TempService.swift; sourceTree = "<group>"; };
		E5E984BC296ED9B500E5DE83 /* TempModel.swift */ = {isa = PBXFileReference; lastKnownFileType = sourcecode.swift; path = TempModel.swift; sourceTree = "<group>"; };
		E5E984D6296EE1CE00E5DE83 /* AppleSDGothicNeo-Bold.ttf */ = {isa = PBXFileReference; lastKnownFileType = file; path = "AppleSDGothicNeo-Bold.ttf"; sourceTree = "<group>"; };
		E5E984D7296EE1CE00E5DE83 /* AppleSDGothicNeo-Regular.ttf */ = {isa = PBXFileReference; lastKnownFileType = file; path = "AppleSDGothicNeo-Regular.ttf"; sourceTree = "<group>"; };
		E5E984D8296EE1CE00E5DE83 /* AppleSDGothicNeo-Thin.ttf */ = {isa = PBXFileReference; lastKnownFileType = file; path = "AppleSDGothicNeo-Thin.ttf"; sourceTree = "<group>"; };
		E5E984D9296EE2A300E5DE83 /* HomeViewController.swift */ = {isa = PBXFileReference; lastKnownFileType = sourcecode.swift; path = HomeViewController.swift; sourceTree = "<group>"; };
		E5E984DB296EE2AF00E5DE83 /* StudyViewController.swift */ = {isa = PBXFileReference; lastKnownFileType = sourcecode.swift; path = StudyViewController.swift; sourceTree = "<group>"; };
		E5E984DD296EE2BA00E5DE83 /* MyPageViewController.swift */ = {isa = PBXFileReference; lastKnownFileType = sourcecode.swift; path = MyPageViewController.swift; sourceTree = "<group>"; };
/* End PBXFileReference section */

/* Begin PBXFrameworksBuildPhase section */
		E5862C56296ED0C900095439 /* Frameworks */ = {
			isa = PBXFrameworksBuildPhase;
			buildActionMask = 2147483647;
			files = (
				A1ECF52D7F2B9619C0BD5DCA /* Pods_haruSpeak_iOS.framework in Frameworks */,
			);
			runOnlyForDeploymentPostprocessing = 0;
		};
		E5862C6F296ED0CB00095439 /* Frameworks */ = {
			isa = PBXFrameworksBuildPhase;
			buildActionMask = 2147483647;
			files = (
				E255F8C5D56021B7F5E5848B /* Pods_haruSpeak_iOSTests.framework in Frameworks */,
			);
			runOnlyForDeploymentPostprocessing = 0;
		};
		E5862C79296ED0CB00095439 /* Frameworks */ = {
			isa = PBXFrameworksBuildPhase;
			buildActionMask = 2147483647;
			files = (
				8C30D8B79FC345A04F0C9D3C /* Pods_haruSpeak_iOS_haruSpeak_iOSUITests.framework in Frameworks */,
			);
			runOnlyForDeploymentPostprocessing = 0;
		};
/* End PBXFrameworksBuildPhase section */

/* Begin PBXGroup section */
		68F01573297045B1003BB048 /* Authentication */ = {
			isa = PBXGroup;
			children = (
				68F01574297045C5003BB048 /* AuthenticationViewController.swift */,
			);
			path = Authentication;
			sourceTree = "<group>";
		};
		8940E27EFA539E8525631D8A /* Frameworks */ = {
			isa = PBXGroup;
			children = (
				DFC49101112B419E65F52532 /* Pods_haruSpeak_iOS.framework */,
				5CED103FD6A92F4325BBDEE6 /* Pods_haruSpeak_iOS_haruSpeak_iOSUITests.framework */,
				69211967B5E3367D949CA34A /* Pods_haruSpeak_iOSTests.framework */,
			);
			name = Frameworks;
			sourceTree = "<group>";
		};
		B34889CCC94C5A57F526F74A /* Pods */ = {
			isa = PBXGroup;
			children = (
				20CF64B5BEE330CC56697D1A /* Pods-haruSpeak_iOS.debug.xcconfig */,
				8A6B465F8597583EE4AAAE4B /* Pods-haruSpeak_iOS.release.xcconfig */,
				8AFD346FB091CD305B383290 /* Pods-haruSpeak_iOS-haruSpeak_iOSUITests.debug.xcconfig */,
				172D10AB066C1878AD0F24D3 /* Pods-haruSpeak_iOS-haruSpeak_iOSUITests.release.xcconfig */,
				BACA4D97B5C12EA35396E86F /* Pods-haruSpeak_iOSTests.debug.xcconfig */,
				77AA8A0B5111D220ACA4BB9D /* Pods-haruSpeak_iOSTests.release.xcconfig */,
			);
			path = Pods;
			sourceTree = "<group>";
		};
		E5862C50296ED0C900095439 = {
			isa = PBXGroup;
			children = (
				E5862C5B296ED0C900095439 /* haruSpeak_iOS */,
				E5862C75296ED0CB00095439 /* haruSpeak_iOSTests */,
				E5862C7F296ED0CB00095439 /* haruSpeak_iOSUITests */,
				E5862C5A296ED0C900095439 /* Products */,
				B34889CCC94C5A57F526F74A /* Pods */,
				8940E27EFA539E8525631D8A /* Frameworks */,
			);
			sourceTree = "<group>";
		};
		E5862C5A296ED0C900095439 /* Products */ = {
			isa = PBXGroup;
			children = (
				E5862C59296ED0C900095439 /* haruSpeak_iOS.app */,
				E5862C72296ED0CB00095439 /* haruSpeak_iOSTests.xctest */,
				E5862C7C296ED0CB00095439 /* haruSpeak_iOSUITests.xctest */,
			);
			name = Products;
			sourceTree = "<group>";
		};
		E5862C5B296ED0C900095439 /* haruSpeak_iOS */ = {
			isa = PBXGroup;
			children = (
				E5E984B0296ED8DB00E5DE83 /* Resource */,
				E5E984B1296ED8EC00E5DE83 /* Services */,
				E5E984B3296ED92C00E5DE83 /* Utilities */,
				E5E984B9296ED96400E5DE83 /* Model */,
				E5E984BE296ED9B900E5DE83 /* View */,
				E5E984BF296EDDC000E5DE83 /* ViewController */,
				E5862C5C296ED0C900095439 /* AppDelegate.swift */,
				E5862C5E296ED0C900095439 /* SceneDelegate.swift */,
				E5862C60296ED0C900095439 /* ViewController.swift */,
				E5862C62296ED0C900095439 /* Main.storyboard */,
				E5862C6A296ED0CA00095439 /* LaunchScreen.storyboard */,
				E5862C6D296ED0CA00095439 /* Info.plist */,
				E5862C65296ED0C900095439 /* haruSpeak_iOS.xcdatamodeld */,
			);
			path = haruSpeak_iOS;
			sourceTree = "<group>";
		};
		E5862C75296ED0CB00095439 /* haruSpeak_iOSTests */ = {
			isa = PBXGroup;
			children = (
				E5862C76296ED0CB00095439 /* haruSpeak_iOSTests.swift */,
			);
			path = haruSpeak_iOSTests;
			sourceTree = "<group>";
		};
		E5862C7F296ED0CB00095439 /* haruSpeak_iOSUITests */ = {
			isa = PBXGroup;
			children = (
				E5862C80296ED0CB00095439 /* haruSpeak_iOSUITests.swift */,
				E5862C82296ED0CB00095439 /* haruSpeak_iOSUITestsLaunchTests.swift */,
			);
			path = haruSpeak_iOSUITests;
			sourceTree = "<group>";
		};
		E5E984B0296ED8DB00E5DE83 /* Resource */ = {
			isa = PBXGroup;
			children = (
				E5E984D6296EE1CE00E5DE83 /* AppleSDGothicNeo-Bold.ttf */,
				E5E984D7296EE1CE00E5DE83 /* AppleSDGothicNeo-Regular.ttf */,
				E5E984D8296EE1CE00E5DE83 /* AppleSDGothicNeo-Thin.ttf */,
				E5862C68296ED0CA00095439 /* Assets.xcassets */,
			);
			path = Resource;
			sourceTree = "<group>";
		};
		E5E984B1296ED8EC00E5DE83 /* Services */ = {
			isa = PBXGroup;
			children = (
				E5E984BA296ED9A900E5DE83 /* TempService.swift */,
			);
			path = Services;
			sourceTree = "<group>";
		};
		E5E984B3296ED92C00E5DE83 /* Utilities */ = {
			isa = PBXGroup;
			children = (
				E5E984B4296ED93900E5DE83 /* Extensions */,
			);
			path = Utilities;
			sourceTree = "<group>";
		};
		E5E984B4296ED93900E5DE83 /* Extensions */ = {
			isa = PBXGroup;
			children = (
				E5E984B5296ED95300E5DE83 /* UIColor+.swift */,
				E5E984B7296ED95D00E5DE83 /* UIFont+.swift */,
			);
			path = Extensions;
			sourceTree = "<group>";
		};
		E5E984B9296ED96400E5DE83 /* Model */ = {
			isa = PBXGroup;
			children = (
				E5E984BC296ED9B500E5DE83 /* TempModel.swift */,
			);
			path = Model;
			sourceTree = "<group>";
		};
		E5E984BE296ED9B900E5DE83 /* View */ = {
			isa = PBXGroup;
			children = (
				68F01573297045B1003BB048 /* Authentication */,
				E5E984C8296EDEF900E5DE83 /* Home */,
				E5E984C7296EDEF200E5DE83 /* Record */,
				E5E984C6296EDEEC00E5DE83 /* Study */,
				E5E984C5296EDEE400E5DE83 /* MyPage */,
			);
			path = View;
			sourceTree = "<group>";
		};
		E5E984BF296EDDC000E5DE83 /* ViewController */ = {
			isa = PBXGroup;
			children = (
				E5E984C0296EDDE800E5DE83 /* Authentication */,
				E5E984C1296EDDF500E5DE83 /* Home */,
				E5E984C4296EDE4700E5DE83 /* Record */,
				E5E984C2296EDDFC00E5DE83 /* Study */,
				E5E984C3296EDE1E00E5DE83 /* MyPage */,
			);
			path = ViewController;
			sourceTree = "<group>";
		};
		E5E984C0296EDDE800E5DE83 /* Authentication */ = {
			isa = PBXGroup;
			children = (
			);
			path = Authentication;
			sourceTree = "<group>";
		};
		E5E984C1296EDDF500E5DE83 /* Home */ = {
			isa = PBXGroup;
			children = (
				E5E984D9296EE2A300E5DE83 /* HomeViewController.swift */,
			);
			path = Home;
			sourceTree = "<group>";
		};
		E5E984C2296EDDFC00E5DE83 /* Study */ = {
			isa = PBXGroup;
			children = (
				E5E984DB296EE2AF00E5DE83 /* StudyViewController.swift */,
			);
			path = Study;
			sourceTree = "<group>";
		};
		E5E984C3296EDE1E00E5DE83 /* MyPage */ = {
			isa = PBXGroup;
			children = (
				E5E984DD296EE2BA00E5DE83 /* MyPageViewController.swift */,
			);
			path = MyPage;
			sourceTree = "<group>";
		};
		E5E984C4296EDE4700E5DE83 /* Record */ = {
			isa = PBXGroup;
			children = (
			);
			path = Record;
			sourceTree = "<group>";
		};
		E5E984C5296EDEE400E5DE83 /* MyPage */ = {
			isa = PBXGroup;
			children = (
			);
			path = MyPage;
			sourceTree = "<group>";
		};
		E5E984C6296EDEEC00E5DE83 /* Study */ = {
			isa = PBXGroup;
			children = (
			);
			path = Study;
			sourceTree = "<group>";
		};
		E5E984C7296EDEF200E5DE83 /* Record */ = {
			isa = PBXGroup;
			children = (
			);
			path = Record;
			sourceTree = "<group>";
		};
		E5E984C8296EDEF900E5DE83 /* Home */ = {
			isa = PBXGroup;
			children = (
				E51CE8BC296F77B500ADB07B /* CustomTabbar.swift */,
				E51CE8BE296FBED100ADB07B /* RecordCell.swift */,
			);
			path = Home;
			sourceTree = "<group>";
		};
/* End PBXGroup section */

/* Begin PBXNativeTarget section */
		E5862C58296ED0C900095439 /* haruSpeak_iOS */ = {
			isa = PBXNativeTarget;
			buildConfigurationList = E5862C86296ED0CB00095439 /* Build configuration list for PBXNativeTarget "haruSpeak_iOS" */;
			buildPhases = (
				93D1612A8CCB9584B797CB76 /* [CP] Check Pods Manifest.lock */,
				E5862C55296ED0C900095439 /* Sources */,
				E5862C56296ED0C900095439 /* Frameworks */,
				E5862C57296ED0C900095439 /* Resources */,
				95F2F74B50B9AE426E44D096 /* [CP] Embed Pods Frameworks */,
			);
			buildRules = (
			);
			dependencies = (
			);
			name = haruSpeak_iOS;
			productName = haruSpeak_iOS;
			productReference = E5862C59296ED0C900095439 /* haruSpeak_iOS.app */;
			productType = "com.apple.product-type.application";
		};
		E5862C71296ED0CB00095439 /* haruSpeak_iOSTests */ = {
			isa = PBXNativeTarget;
			buildConfigurationList = E5862C89296ED0CB00095439 /* Build configuration list for PBXNativeTarget "haruSpeak_iOSTests" */;
			buildPhases = (
				41F7F77E09CF910256456B3A /* [CP] Check Pods Manifest.lock */,
				E5862C6E296ED0CB00095439 /* Sources */,
				E5862C6F296ED0CB00095439 /* Frameworks */,
				E5862C70296ED0CB00095439 /* Resources */,
			);
			buildRules = (
			);
			dependencies = (
				E5862C74296ED0CB00095439 /* PBXTargetDependency */,
			);
			name = haruSpeak_iOSTests;
			productName = haruSpeak_iOSTests;
			productReference = E5862C72296ED0CB00095439 /* haruSpeak_iOSTests.xctest */;
			productType = "com.apple.product-type.bundle.unit-test";
		};
		E5862C7B296ED0CB00095439 /* haruSpeak_iOSUITests */ = {
			isa = PBXNativeTarget;
			buildConfigurationList = E5862C8C296ED0CB00095439 /* Build configuration list for PBXNativeTarget "haruSpeak_iOSUITests" */;
			buildPhases = (
				58A14CCC857ED8964E14CE90 /* [CP] Check Pods Manifest.lock */,
				E5862C78296ED0CB00095439 /* Sources */,
				E5862C79296ED0CB00095439 /* Frameworks */,
				E5862C7A296ED0CB00095439 /* Resources */,
				41E0A82DC38E2C90BC459F99 /* [CP] Embed Pods Frameworks */,
			);
			buildRules = (
			);
			dependencies = (
				E5862C7E296ED0CB00095439 /* PBXTargetDependency */,
			);
			name = haruSpeak_iOSUITests;
			productName = haruSpeak_iOSUITests;
			productReference = E5862C7C296ED0CB00095439 /* haruSpeak_iOSUITests.xctest */;
			productType = "com.apple.product-type.bundle.ui-testing";
		};
/* End PBXNativeTarget section */

/* Begin PBXProject section */
		E5862C51296ED0C900095439 /* Project object */ = {
			isa = PBXProject;
			attributes = {
				BuildIndependentTargetsInParallel = 1;
				LastSwiftUpdateCheck = 1420;
				LastUpgradeCheck = 1420;
				TargetAttributes = {
					E5862C58296ED0C900095439 = {
						CreatedOnToolsVersion = 14.2;
					};
					E5862C71296ED0CB00095439 = {
						CreatedOnToolsVersion = 14.2;
						TestTargetID = E5862C58296ED0C900095439;
					};
					E5862C7B296ED0CB00095439 = {
						CreatedOnToolsVersion = 14.2;
						TestTargetID = E5862C58296ED0C900095439;
					};
				};
			};
			buildConfigurationList = E5862C54296ED0C900095439 /* Build configuration list for PBXProject "haruSpeak_iOS" */;
			compatibilityVersion = "Xcode 14.0";
			developmentRegion = en;
			hasScannedForEncodings = 0;
			knownRegions = (
				en,
				Base,
			);
			mainGroup = E5862C50296ED0C900095439;
			productRefGroup = E5862C5A296ED0C900095439 /* Products */;
			projectDirPath = "";
			projectRoot = "";
			targets = (
				E5862C58296ED0C900095439 /* haruSpeak_iOS */,
				E5862C71296ED0CB00095439 /* haruSpeak_iOSTests */,
				E5862C7B296ED0CB00095439 /* haruSpeak_iOSUITests */,
			);
		};
/* End PBXProject section */

/* Begin PBXResourcesBuildPhase section */
		E5862C57296ED0C900095439 /* Resources */ = {
			isa = PBXResourcesBuildPhase;
			buildActionMask = 2147483647;
			files = (
				E5862C6C296ED0CA00095439 /* LaunchScreen.storyboard in Resources */,
				E5862C69296ED0CA00095439 /* Assets.xcassets in Resources */,
				E5862C64296ED0C900095439 /* Main.storyboard in Resources */,
			);
			runOnlyForDeploymentPostprocessing = 0;
		};
		E5862C70296ED0CB00095439 /* Resources */ = {
			isa = PBXResourcesBuildPhase;
			buildActionMask = 2147483647;
			files = (
			);
			runOnlyForDeploymentPostprocessing = 0;
		};
		E5862C7A296ED0CB00095439 /* Resources */ = {
			isa = PBXResourcesBuildPhase;
			buildActionMask = 2147483647;
			files = (
			);
			runOnlyForDeploymentPostprocessing = 0;
		};
/* End PBXResourcesBuildPhase section */

/* Begin PBXShellScriptBuildPhase section */
		41E0A82DC38E2C90BC459F99 /* [CP] Embed Pods Frameworks */ = {
			isa = PBXShellScriptBuildPhase;
			buildActionMask = 2147483647;
			files = (
			);
			inputFileListPaths = (
				"${PODS_ROOT}/Target Support Files/Pods-haruSpeak_iOS-haruSpeak_iOSUITests/Pods-haruSpeak_iOS-haruSpeak_iOSUITests-frameworks-${CONFIGURATION}-input-files.xcfilelist",
			);
			name = "[CP] Embed Pods Frameworks";
			outputFileListPaths = (
				"${PODS_ROOT}/Target Support Files/Pods-haruSpeak_iOS-haruSpeak_iOSUITests/Pods-haruSpeak_iOS-haruSpeak_iOSUITests-frameworks-${CONFIGURATION}-output-files.xcfilelist",
			);
			runOnlyForDeploymentPostprocessing = 0;
			shellPath = /bin/sh;
			shellScript = "\"${PODS_ROOT}/Target Support Files/Pods-haruSpeak_iOS-haruSpeak_iOSUITests/Pods-haruSpeak_iOS-haruSpeak_iOSUITests-frameworks.sh\"\n";
			showEnvVarsInLog = 0;
		};
		41F7F77E09CF910256456B3A /* [CP] Check Pods Manifest.lock */ = {
			isa = PBXShellScriptBuildPhase;
			buildActionMask = 2147483647;
			files = (
			);
			inputFileListPaths = (
			);
			inputPaths = (
				"${PODS_PODFILE_DIR_PATH}/Podfile.lock",
				"${PODS_ROOT}/Manifest.lock",
			);
			name = "[CP] Check Pods Manifest.lock";
			outputFileListPaths = (
			);
			outputPaths = (
				"$(DERIVED_FILE_DIR)/Pods-haruSpeak_iOSTests-checkManifestLockResult.txt",
			);
			runOnlyForDeploymentPostprocessing = 0;
			shellPath = /bin/sh;
			shellScript = "diff \"${PODS_PODFILE_DIR_PATH}/Podfile.lock\" \"${PODS_ROOT}/Manifest.lock\" > /dev/null\nif [ $? != 0 ] ; then\n    # print error to STDERR\n    echo \"error: The sandbox is not in sync with the Podfile.lock. Run 'pod install' or update your CocoaPods installation.\" >&2\n    exit 1\nfi\n# This output is used by Xcode 'outputs' to avoid re-running this script phase.\necho \"SUCCESS\" > \"${SCRIPT_OUTPUT_FILE_0}\"\n";
			showEnvVarsInLog = 0;
		};
		58A14CCC857ED8964E14CE90 /* [CP] Check Pods Manifest.lock */ = {
			isa = PBXShellScriptBuildPhase;
			buildActionMask = 2147483647;
			files = (
			);
			inputFileListPaths = (
			);
			inputPaths = (
				"${PODS_PODFILE_DIR_PATH}/Podfile.lock",
				"${PODS_ROOT}/Manifest.lock",
			);
			name = "[CP] Check Pods Manifest.lock";
			outputFileListPaths = (
			);
			outputPaths = (
				"$(DERIVED_FILE_DIR)/Pods-haruSpeak_iOS-haruSpeak_iOSUITests-checkManifestLockResult.txt",
			);
			runOnlyForDeploymentPostprocessing = 0;
			shellPath = /bin/sh;
			shellScript = "diff \"${PODS_PODFILE_DIR_PATH}/Podfile.lock\" \"${PODS_ROOT}/Manifest.lock\" > /dev/null\nif [ $? != 0 ] ; then\n    # print error to STDERR\n    echo \"error: The sandbox is not in sync with the Podfile.lock. Run 'pod install' or update your CocoaPods installation.\" >&2\n    exit 1\nfi\n# This output is used by Xcode 'outputs' to avoid re-running this script phase.\necho \"SUCCESS\" > \"${SCRIPT_OUTPUT_FILE_0}\"\n";
			showEnvVarsInLog = 0;
		};
		93D1612A8CCB9584B797CB76 /* [CP] Check Pods Manifest.lock */ = {
			isa = PBXShellScriptBuildPhase;
			buildActionMask = 2147483647;
			files = (
			);
			inputFileListPaths = (
			);
			inputPaths = (
				"${PODS_PODFILE_DIR_PATH}/Podfile.lock",
				"${PODS_ROOT}/Manifest.lock",
			);
			name = "[CP] Check Pods Manifest.lock";
			outputFileListPaths = (
			);
			outputPaths = (
				"$(DERIVED_FILE_DIR)/Pods-haruSpeak_iOS-checkManifestLockResult.txt",
			);
			runOnlyForDeploymentPostprocessing = 0;
			shellPath = /bin/sh;
			shellScript = "diff \"${PODS_PODFILE_DIR_PATH}/Podfile.lock\" \"${PODS_ROOT}/Manifest.lock\" > /dev/null\nif [ $? != 0 ] ; then\n    # print error to STDERR\n    echo \"error: The sandbox is not in sync with the Podfile.lock. Run 'pod install' or update your CocoaPods installation.\" >&2\n    exit 1\nfi\n# This output is used by Xcode 'outputs' to avoid re-running this script phase.\necho \"SUCCESS\" > \"${SCRIPT_OUTPUT_FILE_0}\"\n";
			showEnvVarsInLog = 0;
		};
		95F2F74B50B9AE426E44D096 /* [CP] Embed Pods Frameworks */ = {
			isa = PBXShellScriptBuildPhase;
			buildActionMask = 2147483647;
			files = (
			);
			inputFileListPaths = (
				"${PODS_ROOT}/Target Support Files/Pods-haruSpeak_iOS/Pods-haruSpeak_iOS-frameworks-${CONFIGURATION}-input-files.xcfilelist",
			);
			name = "[CP] Embed Pods Frameworks";
			outputFileListPaths = (
				"${PODS_ROOT}/Target Support Files/Pods-haruSpeak_iOS/Pods-haruSpeak_iOS-frameworks-${CONFIGURATION}-output-files.xcfilelist",
			);
			runOnlyForDeploymentPostprocessing = 0;
			shellPath = /bin/sh;
			shellScript = "\"${PODS_ROOT}/Target Support Files/Pods-haruSpeak_iOS/Pods-haruSpeak_iOS-frameworks.sh\"\n";
			showEnvVarsInLog = 0;
		};
/* End PBXShellScriptBuildPhase section */

/* Begin PBXSourcesBuildPhase section */
		E5862C55296ED0C900095439 /* Sources */ = {
			isa = PBXSourcesBuildPhase;
			buildActionMask = 2147483647;
			files = (
				E51CE8BD296F77B500ADB07B /* CustomTabbar.swift in Sources */,
				E5E984DC296EE2AF00E5DE83 /* StudyViewController.swift in Sources */,
				E5862C67296ED0C900095439 /* haruSpeak_iOS.xcdatamodeld in Sources */,
				E5E984BD296ED9B500E5DE83 /* TempModel.swift in Sources */,
				E5862C61296ED0C900095439 /* ViewController.swift in Sources */,
				E5862C5D296ED0C900095439 /* AppDelegate.swift in Sources */,
				E5862C5F296ED0C900095439 /* SceneDelegate.swift in Sources */,
				E5E984DE296EE2BA00E5DE83 /* MyPageViewController.swift in Sources */,
				E5E984DA296EE2A300E5DE83 /* HomeViewController.swift in Sources */,
				E5E984BB296ED9A900E5DE83 /* TempService.swift in Sources */,
				68F01575297045C5003BB048 /* AuthenticationViewController.swift in Sources */,
				E5E984B8296ED95D00E5DE83 /* UIFont+.swift in Sources */,
				E5E984B6296ED95300E5DE83 /* UIColor+.swift in Sources */,
				E51CE8BF296FBED100ADB07B /* RecordCell.swift in Sources */,
			);
			runOnlyForDeploymentPostprocessing = 0;
		};
		E5862C6E296ED0CB00095439 /* Sources */ = {
			isa = PBXSourcesBuildPhase;
			buildActionMask = 2147483647;
			files = (
				E5862C77296ED0CB00095439 /* haruSpeak_iOSTests.swift in Sources */,
			);
			runOnlyForDeploymentPostprocessing = 0;
		};
		E5862C78296ED0CB00095439 /* Sources */ = {
			isa = PBXSourcesBuildPhase;
			buildActionMask = 2147483647;
			files = (
				E5862C81296ED0CB00095439 /* haruSpeak_iOSUITests.swift in Sources */,
				E5862C83296ED0CB00095439 /* haruSpeak_iOSUITestsLaunchTests.swift in Sources */,
			);
			runOnlyForDeploymentPostprocessing = 0;
		};
/* End PBXSourcesBuildPhase section */

/* Begin PBXTargetDependency section */
		E5862C74296ED0CB00095439 /* PBXTargetDependency */ = {
			isa = PBXTargetDependency;
			target = E5862C58296ED0C900095439 /* haruSpeak_iOS */;
			targetProxy = E5862C73296ED0CB00095439 /* PBXContainerItemProxy */;
		};
		E5862C7E296ED0CB00095439 /* PBXTargetDependency */ = {
			isa = PBXTargetDependency;
			target = E5862C58296ED0C900095439 /* haruSpeak_iOS */;
			targetProxy = E5862C7D296ED0CB00095439 /* PBXContainerItemProxy */;
		};
/* End PBXTargetDependency section */

/* Begin PBXVariantGroup section */
		E5862C62296ED0C900095439 /* Main.storyboard */ = {
			isa = PBXVariantGroup;
			children = (
				E5862C63296ED0C900095439 /* Base */,
			);
			name = Main.storyboard;
			sourceTree = "<group>";
		};
		E5862C6A296ED0CA00095439 /* LaunchScreen.storyboard */ = {
			isa = PBXVariantGroup;
			children = (
				E5862C6B296ED0CA00095439 /* Base */,
			);
			name = LaunchScreen.storyboard;
			sourceTree = "<group>";
		};
/* End PBXVariantGroup section */

/* Begin XCBuildConfiguration section */
		E5862C84296ED0CB00095439 /* Debug */ = {
			isa = XCBuildConfiguration;
			buildSettings = {
				ALWAYS_SEARCH_USER_PATHS = NO;
				CLANG_ANALYZER_NONNULL = YES;
				CLANG_ANALYZER_NUMBER_OBJECT_CONVERSION = YES_AGGRESSIVE;
				CLANG_CXX_LANGUAGE_STANDARD = "gnu++20";
				CLANG_ENABLE_MODULES = YES;
				CLANG_ENABLE_OBJC_ARC = YES;
				CLANG_ENABLE_OBJC_WEAK = YES;
				CLANG_WARN_BLOCK_CAPTURE_AUTORELEASING = YES;
				CLANG_WARN_BOOL_CONVERSION = YES;
				CLANG_WARN_COMMA = YES;
				CLANG_WARN_CONSTANT_CONVERSION = YES;
				CLANG_WARN_DEPRECATED_OBJC_IMPLEMENTATIONS = YES;
				CLANG_WARN_DIRECT_OBJC_ISA_USAGE = YES_ERROR;
				CLANG_WARN_DOCUMENTATION_COMMENTS = YES;
				CLANG_WARN_EMPTY_BODY = YES;
				CLANG_WARN_ENUM_CONVERSION = YES;
				CLANG_WARN_INFINITE_RECURSION = YES;
				CLANG_WARN_INT_CONVERSION = YES;
				CLANG_WARN_NON_LITERAL_NULL_CONVERSION = YES;
				CLANG_WARN_OBJC_IMPLICIT_RETAIN_SELF = YES;
				CLANG_WARN_OBJC_LITERAL_CONVERSION = YES;
				CLANG_WARN_OBJC_ROOT_CLASS = YES_ERROR;
				CLANG_WARN_QUOTED_INCLUDE_IN_FRAMEWORK_HEADER = YES;
				CLANG_WARN_RANGE_LOOP_ANALYSIS = YES;
				CLANG_WARN_STRICT_PROTOTYPES = YES;
				CLANG_WARN_SUSPICIOUS_MOVE = YES;
				CLANG_WARN_UNGUARDED_AVAILABILITY = YES_AGGRESSIVE;
				CLANG_WARN_UNREACHABLE_CODE = YES;
				CLANG_WARN__DUPLICATE_METHOD_MATCH = YES;
				COPY_PHASE_STRIP = NO;
				DEBUG_INFORMATION_FORMAT = dwarf;
				ENABLE_STRICT_OBJC_MSGSEND = YES;
				ENABLE_TESTABILITY = YES;
				GCC_C_LANGUAGE_STANDARD = gnu11;
				GCC_DYNAMIC_NO_PIC = NO;
				GCC_NO_COMMON_BLOCKS = YES;
				GCC_OPTIMIZATION_LEVEL = 0;
				GCC_PREPROCESSOR_DEFINITIONS = (
					"DEBUG=1",
					"$(inherited)",
				);
				GCC_WARN_64_TO_32_BIT_CONVERSION = YES;
				GCC_WARN_ABOUT_RETURN_TYPE = YES_ERROR;
				GCC_WARN_UNDECLARED_SELECTOR = YES;
				GCC_WARN_UNINITIALIZED_AUTOS = YES_AGGRESSIVE;
				GCC_WARN_UNUSED_FUNCTION = YES;
				GCC_WARN_UNUSED_VARIABLE = YES;
				IPHONEOS_DEPLOYMENT_TARGET = 16.2;
				MTL_ENABLE_DEBUG_INFO = INCLUDE_SOURCE;
				MTL_FAST_MATH = YES;
				ONLY_ACTIVE_ARCH = YES;
				SDKROOT = iphoneos;
				SWIFT_ACTIVE_COMPILATION_CONDITIONS = DEBUG;
				SWIFT_OPTIMIZATION_LEVEL = "-Onone";
			};
			name = Debug;
		};
		E5862C85296ED0CB00095439 /* Release */ = {
			isa = XCBuildConfiguration;
			buildSettings = {
				ALWAYS_SEARCH_USER_PATHS = NO;
				CLANG_ANALYZER_NONNULL = YES;
				CLANG_ANALYZER_NUMBER_OBJECT_CONVERSION = YES_AGGRESSIVE;
				CLANG_CXX_LANGUAGE_STANDARD = "gnu++20";
				CLANG_ENABLE_MODULES = YES;
				CLANG_ENABLE_OBJC_ARC = YES;
				CLANG_ENABLE_OBJC_WEAK = YES;
				CLANG_WARN_BLOCK_CAPTURE_AUTORELEASING = YES;
				CLANG_WARN_BOOL_CONVERSION = YES;
				CLANG_WARN_COMMA = YES;
				CLANG_WARN_CONSTANT_CONVERSION = YES;
				CLANG_WARN_DEPRECATED_OBJC_IMPLEMENTATIONS = YES;
				CLANG_WARN_DIRECT_OBJC_ISA_USAGE = YES_ERROR;
				CLANG_WARN_DOCUMENTATION_COMMENTS = YES;
				CLANG_WARN_EMPTY_BODY = YES;
				CLANG_WARN_ENUM_CONVERSION = YES;
				CLANG_WARN_INFINITE_RECURSION = YES;
				CLANG_WARN_INT_CONVERSION = YES;
				CLANG_WARN_NON_LITERAL_NULL_CONVERSION = YES;
				CLANG_WARN_OBJC_IMPLICIT_RETAIN_SELF = YES;
				CLANG_WARN_OBJC_LITERAL_CONVERSION = YES;
				CLANG_WARN_OBJC_ROOT_CLASS = YES_ERROR;
				CLANG_WARN_QUOTED_INCLUDE_IN_FRAMEWORK_HEADER = YES;
				CLANG_WARN_RANGE_LOOP_ANALYSIS = YES;
				CLANG_WARN_STRICT_PROTOTYPES = YES;
				CLANG_WARN_SUSPICIOUS_MOVE = YES;
				CLANG_WARN_UNGUARDED_AVAILABILITY = YES_AGGRESSIVE;
				CLANG_WARN_UNREACHABLE_CODE = YES;
				CLANG_WARN__DUPLICATE_METHOD_MATCH = YES;
				COPY_PHASE_STRIP = NO;
				DEBUG_INFORMATION_FORMAT = "dwarf-with-dsym";
				ENABLE_NS_ASSERTIONS = NO;
				ENABLE_STRICT_OBJC_MSGSEND = YES;
				GCC_C_LANGUAGE_STANDARD = gnu11;
				GCC_NO_COMMON_BLOCKS = YES;
				GCC_WARN_64_TO_32_BIT_CONVERSION = YES;
				GCC_WARN_ABOUT_RETURN_TYPE = YES_ERROR;
				GCC_WARN_UNDECLARED_SELECTOR = YES;
				GCC_WARN_UNINITIALIZED_AUTOS = YES_AGGRESSIVE;
				GCC_WARN_UNUSED_FUNCTION = YES;
				GCC_WARN_UNUSED_VARIABLE = YES;
				IPHONEOS_DEPLOYMENT_TARGET = 16.2;
				MTL_ENABLE_DEBUG_INFO = NO;
				MTL_FAST_MATH = YES;
				SDKROOT = iphoneos;
				SWIFT_COMPILATION_MODE = wholemodule;
				SWIFT_OPTIMIZATION_LEVEL = "-O";
				VALIDATE_PRODUCT = YES;
			};
			name = Release;
		};
		E5862C87296ED0CB00095439 /* Debug */ = {
			isa = XCBuildConfiguration;
			baseConfigurationReference = 20CF64B5BEE330CC56697D1A /* Pods-haruSpeak_iOS.debug.xcconfig */;
			buildSettings = {
				ASSETCATALOG_COMPILER_APPICON_NAME = AppIcon;
				ASSETCATALOG_COMPILER_GLOBAL_ACCENT_COLOR_NAME = AccentColor;
				CODE_SIGN_STYLE = Automatic;
				CURRENT_PROJECT_VERSION = 1;
				DEVELOPMENT_TEAM = 6CNX5P6BQG;
				GENERATE_INFOPLIST_FILE = YES;
				INFOPLIST_FILE = haruSpeak_iOS/Info.plist;
				INFOPLIST_KEY_UIApplicationSupportsIndirectInputEvents = YES;
				INFOPLIST_KEY_UILaunchStoryboardName = LaunchScreen;
				INFOPLIST_KEY_UIMainStoryboardFile = Main;
				INFOPLIST_KEY_UISupportedInterfaceOrientations_iPad = "UIInterfaceOrientationPortrait UIInterfaceOrientationPortraitUpsideDown UIInterfaceOrientationLandscapeLeft UIInterfaceOrientationLandscapeRight";
				INFOPLIST_KEY_UISupportedInterfaceOrientations_iPhone = "UIInterfaceOrientationPortrait UIInterfaceOrientationLandscapeLeft UIInterfaceOrientationLandscapeRight";
				LD_RUNPATH_SEARCH_PATHS = (
					"$(inherited)",
					"@executable_path/Frameworks",
				);
				MARKETING_VERSION = 1.0;
				PRODUCT_BUNDLE_IDENTIFIER = "com.077tech.haruSpeak-iOS";
				PRODUCT_NAME = "$(TARGET_NAME)";
				SWIFT_EMIT_LOC_STRINGS = YES;
				SWIFT_VERSION = 5.0;
				TARGETED_DEVICE_FAMILY = "1,2";
			};
			name = Debug;
		};
		E5862C88296ED0CB00095439 /* Release */ = {
			isa = XCBuildConfiguration;
			baseConfigurationReference = 8A6B465F8597583EE4AAAE4B /* Pods-haruSpeak_iOS.release.xcconfig */;
			buildSettings = {
				ASSETCATALOG_COMPILER_APPICON_NAME = AppIcon;
				ASSETCATALOG_COMPILER_GLOBAL_ACCENT_COLOR_NAME = AccentColor;
				CODE_SIGN_STYLE = Automatic;
				CURRENT_PROJECT_VERSION = 1;
				DEVELOPMENT_TEAM = 6CNX5P6BQG;
				GENERATE_INFOPLIST_FILE = YES;
				INFOPLIST_FILE = haruSpeak_iOS/Info.plist;
				INFOPLIST_KEY_UIApplicationSupportsIndirectInputEvents = YES;
				INFOPLIST_KEY_UILaunchStoryboardName = LaunchScreen;
				INFOPLIST_KEY_UIMainStoryboardFile = Main;
				INFOPLIST_KEY_UISupportedInterfaceOrientations_iPad = "UIInterfaceOrientationPortrait UIInterfaceOrientationPortraitUpsideDown UIInterfaceOrientationLandscapeLeft UIInterfaceOrientationLandscapeRight";
				INFOPLIST_KEY_UISupportedInterfaceOrientations_iPhone = "UIInterfaceOrientationPortrait UIInterfaceOrientationLandscapeLeft UIInterfaceOrientationLandscapeRight";
				LD_RUNPATH_SEARCH_PATHS = (
					"$(inherited)",
					"@executable_path/Frameworks",
				);
				MARKETING_VERSION = 1.0;
				PRODUCT_BUNDLE_IDENTIFIER = "com.077tech.haruSpeak-iOS";
				PRODUCT_NAME = "$(TARGET_NAME)";
				SWIFT_EMIT_LOC_STRINGS = YES;
				SWIFT_VERSION = 5.0;
				TARGETED_DEVICE_FAMILY = "1,2";
			};
			name = Release;
		};
		E5862C8A296ED0CB00095439 /* Debug */ = {
			isa = XCBuildConfiguration;
			baseConfigurationReference = BACA4D97B5C12EA35396E86F /* Pods-haruSpeak_iOSTests.debug.xcconfig */;
			buildSettings = {
				ALWAYS_EMBED_SWIFT_STANDARD_LIBRARIES = YES;
				BUNDLE_LOADER = "$(TEST_HOST)";
				CODE_SIGN_STYLE = Automatic;
				CURRENT_PROJECT_VERSION = 1;
				DEVELOPMENT_TEAM = 6CNX5P6BQG;
				GENERATE_INFOPLIST_FILE = YES;
				IPHONEOS_DEPLOYMENT_TARGET = 16.2;
				MARKETING_VERSION = 1.0;
				PRODUCT_BUNDLE_IDENTIFIER = "com.077tech.haruSpeak-iOSTests";
				PRODUCT_NAME = "$(TARGET_NAME)";
				SWIFT_EMIT_LOC_STRINGS = NO;
				SWIFT_VERSION = 5.0;
				TARGETED_DEVICE_FAMILY = "1,2";
				TEST_HOST = "$(BUILT_PRODUCTS_DIR)/haruSpeak_iOS.app/$(BUNDLE_EXECUTABLE_FOLDER_PATH)/haruSpeak_iOS";
			};
			name = Debug;
		};
		E5862C8B296ED0CB00095439 /* Release */ = {
			isa = XCBuildConfiguration;
			baseConfigurationReference = 77AA8A0B5111D220ACA4BB9D /* Pods-haruSpeak_iOSTests.release.xcconfig */;
			buildSettings = {
				ALWAYS_EMBED_SWIFT_STANDARD_LIBRARIES = YES;
				BUNDLE_LOADER = "$(TEST_HOST)";
				CODE_SIGN_STYLE = Automatic;
				CURRENT_PROJECT_VERSION = 1;
				DEVELOPMENT_TEAM = 6CNX5P6BQG;
				GENERATE_INFOPLIST_FILE = YES;
				IPHONEOS_DEPLOYMENT_TARGET = 16.2;
				MARKETING_VERSION = 1.0;
				PRODUCT_BUNDLE_IDENTIFIER = "com.077tech.haruSpeak-iOSTests";
				PRODUCT_NAME = "$(TARGET_NAME)";
				SWIFT_EMIT_LOC_STRINGS = NO;
				SWIFT_VERSION = 5.0;
				TARGETED_DEVICE_FAMILY = "1,2";
				TEST_HOST = "$(BUILT_PRODUCTS_DIR)/haruSpeak_iOS.app/$(BUNDLE_EXECUTABLE_FOLDER_PATH)/haruSpeak_iOS";
			};
			name = Release;
		};
		E5862C8D296ED0CB00095439 /* Debug */ = {
			isa = XCBuildConfiguration;
			baseConfigurationReference = 8AFD346FB091CD305B383290 /* Pods-haruSpeak_iOS-haruSpeak_iOSUITests.debug.xcconfig */;
			buildSettings = {
				ALWAYS_EMBED_SWIFT_STANDARD_LIBRARIES = YES;
				CODE_SIGN_STYLE = Automatic;
				CURRENT_PROJECT_VERSION = 1;
				DEVELOPMENT_TEAM = 6CNX5P6BQG;
				GENERATE_INFOPLIST_FILE = YES;
				MARKETING_VERSION = 1.0;
				PRODUCT_BUNDLE_IDENTIFIER = "com.077tech.haruSpeak-iOSUITests";
				PRODUCT_NAME = "$(TARGET_NAME)";
				SWIFT_EMIT_LOC_STRINGS = NO;
				SWIFT_VERSION = 5.0;
				TARGETED_DEVICE_FAMILY = "1,2";
				TEST_TARGET_NAME = haruSpeak_iOS;
			};
			name = Debug;
		};
		E5862C8E296ED0CB00095439 /* Release */ = {
			isa = XCBuildConfiguration;
			baseConfigurationReference = 172D10AB066C1878AD0F24D3 /* Pods-haruSpeak_iOS-haruSpeak_iOSUITests.release.xcconfig */;
			buildSettings = {
				ALWAYS_EMBED_SWIFT_STANDARD_LIBRARIES = YES;
				CODE_SIGN_STYLE = Automatic;
				CURRENT_PROJECT_VERSION = 1;
				DEVELOPMENT_TEAM = 6CNX5P6BQG;
				GENERATE_INFOPLIST_FILE = YES;
				MARKETING_VERSION = 1.0;
				PRODUCT_BUNDLE_IDENTIFIER = "com.077tech.haruSpeak-iOSUITests";
				PRODUCT_NAME = "$(TARGET_NAME)";
				SWIFT_EMIT_LOC_STRINGS = NO;
				SWIFT_VERSION = 5.0;
				TARGETED_DEVICE_FAMILY = "1,2";
				TEST_TARGET_NAME = haruSpeak_iOS;
			};
			name = Release;
		};
/* End XCBuildConfiguration section */

/* Begin XCConfigurationList section */
		E5862C54296ED0C900095439 /* Build configuration list for PBXProject "haruSpeak_iOS" */ = {
			isa = XCConfigurationList;
			buildConfigurations = (
				E5862C84296ED0CB00095439 /* Debug */,
				E5862C85296ED0CB00095439 /* Release */,
			);
			defaultConfigurationIsVisible = 0;
			defaultConfigurationName = Release;
		};
		E5862C86296ED0CB00095439 /* Build configuration list for PBXNativeTarget "haruSpeak_iOS" */ = {
			isa = XCConfigurationList;
			buildConfigurations = (
				E5862C87296ED0CB00095439 /* Debug */,
				E5862C88296ED0CB00095439 /* Release */,
			);
			defaultConfigurationIsVisible = 0;
			defaultConfigurationName = Release;
		};
		E5862C89296ED0CB00095439 /* Build configuration list for PBXNativeTarget "haruSpeak_iOSTests" */ = {
			isa = XCConfigurationList;
			buildConfigurations = (
				E5862C8A296ED0CB00095439 /* Debug */,
				E5862C8B296ED0CB00095439 /* Release */,
			);
			defaultConfigurationIsVisible = 0;
			defaultConfigurationName = Release;
		};
		E5862C8C296ED0CB00095439 /* Build configuration list for PBXNativeTarget "haruSpeak_iOSUITests" */ = {
			isa = XCConfigurationList;
			buildConfigurations = (
				E5862C8D296ED0CB00095439 /* Debug */,
				E5862C8E296ED0CB00095439 /* Release */,
			);
			defaultConfigurationIsVisible = 0;
			defaultConfigurationName = Release;
		};
/* End XCConfigurationList section */

/* Begin XCVersionGroup section */
		E5862C65296ED0C900095439 /* haruSpeak_iOS.xcdatamodeld */ = {
			isa = XCVersionGroup;
			children = (
				E5862C66296ED0C900095439 /* haruSpeak_iOS.xcdatamodel */,
			);
			currentVersion = E5862C66296ED0C900095439 /* haruSpeak_iOS.xcdatamodel */;
			path = haruSpeak_iOS.xcdatamodeld;
			sourceTree = "<group>";
			versionGroupType = wrapper.xcdatamodel;
		};
/* End XCVersionGroup section */
	};
	rootObject = E5862C51296ED0C900095439 /* Project object */;
}
